
Microsoft Visual Studio Solution File, Format Version 12.00
# Visual Studio Version 16
VisualStudioVersion = 16.0.29609.76
MinimumVisualStudioVersion = 10.0.40219.1
Project("{2150E333-8FDC-42A3-9474-1A3956D46DE8}") = "Src", "Src", "{30E5D332-2D23-4EA3-A6F6-3EC898DDF718}"
EndProject
Project("{2150E333-8FDC-42A3-9474-1A3956D46DE8}") = "Modules", "Modules", "{BFAAA767-EDC4-408D-9FF3-F1FC20A687AD}"
EndProject
Project("{2150E333-8FDC-42A3-9474-1A3956D46DE8}") = "Test", "Test", "{F6277920-4B7C-4FC8-A020-6A332E4438A6}"
EndProject
Project("{9A19103F-16F7-4668-BE54-9A1E7A4F7556}") = "CSAMS.Contracts", "CSAMS.Contracts\CSAMS.Contracts.csproj", "{DD13EC92-500A-4094-9E96-40D8C6E42076}"
EndProject
Project("{9A19103F-16F7-4668-BE54-9A1E7A4F7556}") = "CSAMS.Domain", "CSAMS.Domain\CSAMS.Domain.csproj", "{5E603456-1C8B-4686-B537-B3C4141EC437}"
EndProject
Project("{9A19103F-16F7-4668-BE54-9A1E7A4F7556}") = "CSAMS.DAL", "CSAMS.DAL\CSAMS.DAL.csproj", "{904FCD55-A027-4967-9FFA-7255BEF575A1}"
EndProject
Project("{9A19103F-16F7-4668-BE54-9A1E7A4F7556}") = "CSAMS.Commands", "CSAMS.Commands\CSAMS.Commands.csproj", "{29BF3952-73E7-47CB-8591-40E6CC63E6B3}"
EndProject
Project("{9A19103F-16F7-4668-BE54-9A1E7A4F7556}") = "CSAMS.Queries", "CSAMS.Queries\CSAMS.Queries.csproj", "{8180E3A8-3D2E-4227-8A85-E140D87454F5}"
EndProject
Project("{9A19103F-16F7-4668-BE54-9A1E7A4F7556}") = "CSAMS.API", "CSAMS.API\CSAMS.API.csproj", "{BD8A0AB5-0CA1-4231-ADC4-5A99C8293DF8}"
EndProject
Project("{9A19103F-16F7-4668-BE54-9A1E7A4F7556}") = "CSAMS.Core", "CSAMS.Core\CSAMS.Core.csproj", "{CD99E830-5B26-4DE1-BD9D-94B6BE6B3D90}"
EndProject
Project("{9A19103F-16F7-4668-BE54-9A1E7A4F7556}") = "CSAMS.Services", "CSAMS.Services\CSAMS.Services.csproj", "{54C0A794-00F0-431E-A198-58A9955BAB9E}"
EndProject
Project("{9A19103F-16F7-4668-BE54-9A1E7A4F7556}") = "CSAMS.Contracts.Tests", "CSAMS.Contracts.Tests\CSAMS.Contracts.Tests.csproj", "{61A4A853-B729-4120-9011-86FF4DC28333}"
EndProject
Project("{FAE04EC0-301F-11D3-BF4B-00C04F79EFBC}") = "CSAMS.DAL.Tests", "CSAMS.DAL.Tests\CSAMS.DAL.Tests.csproj", "{C4AF130C-EB2C-48EA-94F0-7278EC6FF315}"
EndProject
Global
	GlobalSection(SolutionConfigurationPlatforms) = preSolution
		Debug|Any CPU = Debug|Any CPU
		Release|Any CPU = Release|Any CPU
	EndGlobalSection
	GlobalSection(ProjectConfigurationPlatforms) = postSolution
		{DD13EC92-500A-4094-9E96-40D8C6E42076}.Debug|Any CPU.ActiveCfg = Debug|Any CPU
		{DD13EC92-500A-4094-9E96-40D8C6E42076}.Debug|Any CPU.Build.0 = Debug|Any CPU
		{DD13EC92-500A-4094-9E96-40D8C6E42076}.Release|Any CPU.ActiveCfg = Release|Any CPU
		{DD13EC92-500A-4094-9E96-40D8C6E42076}.Release|Any CPU.Build.0 = Release|Any CPU
		{5E603456-1C8B-4686-B537-B3C4141EC437}.Debug|Any CPU.ActiveCfg = Debug|Any CPU
		{5E603456-1C8B-4686-B537-B3C4141EC437}.Debug|Any CPU.Build.0 = Debug|Any CPU
		{5E603456-1C8B-4686-B537-B3C4141EC437}.Release|Any CPU.ActiveCfg = Release|Any CPU
		{5E603456-1C8B-4686-B537-B3C4141EC437}.Release|Any CPU.Build.0 = Release|Any CPU
		{904FCD55-A027-4967-9FFA-7255BEF575A1}.Debug|Any CPU.ActiveCfg = Debug|Any CPU
		{904FCD55-A027-4967-9FFA-7255BEF575A1}.Debug|Any CPU.Build.0 = Debug|Any CPU
		{904FCD55-A027-4967-9FFA-7255BEF575A1}.Release|Any CPU.ActiveCfg = Release|Any CPU
		{904FCD55-A027-4967-9FFA-7255BEF575A1}.Release|Any CPU.Build.0 = Release|Any CPU
		{29BF3952-73E7-47CB-8591-40E6CC63E6B3}.Debug|Any CPU.ActiveCfg = Debug|Any CPU
		{29BF3952-73E7-47CB-8591-40E6CC63E6B3}.Debug|Any CPU.Build.0 = Debug|Any CPU
		{29BF3952-73E7-47CB-8591-40E6CC63E6B3}.Release|Any CPU.ActiveCfg = Release|Any CPU
		{29BF3952-73E7-47CB-8591-40E6CC63E6B3}.Release|Any CPU.Build.0 = Release|Any CPU
		{8180E3A8-3D2E-4227-8A85-E140D87454F5}.Debug|Any CPU.ActiveCfg = Debug|Any CPU
		{8180E3A8-3D2E-4227-8A85-E140D87454F5}.Debug|Any CPU.Build.0 = Debug|Any CPU
		{8180E3A8-3D2E-4227-8A85-E140D87454F5}.Release|Any CPU.ActiveCfg = Release|Any CPU
		{8180E3A8-3D2E-4227-8A85-E140D87454F5}.Release|Any CPU.Build.0 = Release|Any CPU
		{BD8A0AB5-0CA1-4231-ADC4-5A99C8293DF8}.Debug|Any CPU.ActiveCfg = Debug|Any CPU
		{BD8A0AB5-0CA1-4231-ADC4-5A99C8293DF8}.Debug|Any CPU.Build.0 = Debug|Any CPU
		{BD8A0AB5-0CA1-4231-ADC4-5A99C8293DF8}.Release|Any CPU.ActiveCfg = Release|Any CPU
		{BD8A0AB5-0CA1-4231-ADC4-5A99C8293DF8}.Release|Any CPU.Build.0 = Release|Any CPU
		{CD99E830-5B26-4DE1-BD9D-94B6BE6B3D90}.Debug|Any CPU.ActiveCfg = Debug|Any CPU
		{CD99E830-5B26-4DE1-BD9D-94B6BE6B3D90}.Debug|Any CPU.Build.0 = Debug|Any CPU
		{CD99E830-5B26-4DE1-BD9D-94B6BE6B3D90}.Release|Any CPU.ActiveCfg = Release|Any CPU
		{CD99E830-5B26-4DE1-BD9D-94B6BE6B3D90}.Release|Any CPU.Build.0 = Release|Any CPU
		{54C0A794-00F0-431E-A198-58A9955BAB9E}.Debug|Any CPU.ActiveCfg = Debug|Any CPU
		{54C0A794-00F0-431E-A198-58A9955BAB9E}.Debug|Any CPU.Build.0 = Debug|Any CPU
		{54C0A794-00F0-431E-A198-58A9955BAB9E}.Release|Any CPU.ActiveCfg = Release|Any CPU
		{54C0A794-00F0-431E-A198-58A9955BAB9E}.Release|Any CPU.Build.0 = Release|Any CPU
		{61A4A853-B729-4120-9011-86FF4DC28333}.Debug|Any CPU.ActiveCfg = Debug|Any CPU
		{61A4A853-B729-4120-9011-86FF4DC28333}.Debug|Any CPU.Build.0 = Debug|Any CPU
		{61A4A853-B729-4120-9011-86FF4DC28333}.Release|Any CPU.ActiveCfg = Release|Any CPU
		{61A4A853-B729-4120-9011-86FF4DC28333}.Release|Any CPU.Build.0 = Release|Any CPU
		{C4AF130C-EB2C-48EA-94F0-7278EC6FF315}.Debug|Any CPU.ActiveCfg = Debug|Any CPU
		{C4AF130C-EB2C-48EA-94F0-7278EC6FF315}.Debug|Any CPU.Build.0 = Debug|Any CPU
		{C4AF130C-EB2C-48EA-94F0-7278EC6FF315}.Release|Any CPU.ActiveCfg = Release|Any CPU
		{C4AF130C-EB2C-48EA-94F0-7278EC6FF315}.Release|Any CPU.Build.0 = Release|Any CPU
	EndGlobalSection
	GlobalSection(SolutionProperties) = preSolution
		HideSolutionNode = FALSE
	EndGlobalSection
	GlobalSection(NestedProjects) = preSolution
		{BFAAA767-EDC4-408D-9FF3-F1FC20A687AD} = {30E5D332-2D23-4EA3-A6F6-3EC898DDF718}
		{DD13EC92-500A-4094-9E96-40D8C6E42076} = {30E5D332-2D23-4EA3-A6F6-3EC898DDF718}
		{5E603456-1C8B-4686-B537-B3C4141EC437} = {30E5D332-2D23-4EA3-A6F6-3EC898DDF718}
		{904FCD55-A027-4967-9FFA-7255BEF575A1} = {30E5D332-2D23-4EA3-A6F6-3EC898DDF718}
		{29BF3952-73E7-47CB-8591-40E6CC63E6B3} = {30E5D332-2D23-4EA3-A6F6-3EC898DDF718}
		{8180E3A8-3D2E-4227-8A85-E140D87454F5} = {30E5D332-2D23-4EA3-A6F6-3EC898DDF718}
		{BD8A0AB5-0CA1-4231-ADC4-5A99C8293DF8} = {30E5D332-2D23-4EA3-A6F6-3EC898DDF718}
		{CD99E830-5B26-4DE1-BD9D-94B6BE6B3D90} = {30E5D332-2D23-4EA3-A6F6-3EC898DDF718}
		{54C0A794-00F0-431E-A198-58A9955BAB9E} = {30E5D332-2D23-4EA3-A6F6-3EC898DDF718}
		{61A4A853-B729-4120-9011-86FF4DC28333} = {F6277920-4B7C-4FC8-A020-6A332E4438A6}
		{C4AF130C-EB2C-48EA-94F0-7278EC6FF315} = {F6277920-4B7C-4FC8-A020-6A332E4438A6}
	EndGlobalSection
	GlobalSection(ExtensibilityGlobals) = postSolution
		SolutionGuid = {D2D900B7-9103-46E0-8650-6551525D7CF6}
	EndGlobalSection
EndGlobal
